
Microsoft Visual Studio Solution File, Format Version 12.00
# Visual Studio 15
VisualStudioVersion = 15.0.28307.1340
MinimumVisualStudioVersion = 10.0.40219.1
Project("{9A19103F-16F7-4668-BE54-9A1E7A4F7556}") = "ePassportLibrary", "ePassportLibrary.csproj", "{90040CFF-7947-4291-9702-177298C33C5F}"
EndProject
Global
	GlobalSection(SolutionConfigurationPlatforms) = preSolution
		Debug|Any CPU = Debug|Any CPU
		Release|Any CPU = Release|Any CPU
	EndGlobalSection
	GlobalSection(ProjectConfigurationPlatforms) = postSolution
		{90040CFF-7947-4291-9702-177298C33C5F}.Debug|Any CPU.ActiveCfg = Debug|Any CPU
		{90040CFF-7947-4291-9702-177298C33C5F}.Debug|Any CPU.Build.0 = Debug|Any CPU
		{90040CFF-7947-4291-9702-177298C33C5F}.Release|Any CPU.ActiveCfg = Release|Any CPU
		{90040CFF-7947-4291-9702-177298C33C5F}.Release|Any CPU.Build.0 = Release|Any CPU
	EndGlobalSection
	GlobalSection(SolutionProperties) = preSolution
		HideSolutionNode = FALSE
	EndGlobalSection
	GlobalSection(ExtensibilityGlobals) = postSolution
		SolutionGuid = {FB8B0318-AD02-4C95-9C50-DAD8C3A653B7}
	EndGlobalSection
EndGlobal
