
Microsoft Visual Studio Solution File, Format Version 12.00
# Visual Studio 15
VisualStudioVersion = 15.0.28307.1340
MinimumVisualStudioVersion = 10.0.40219.1
Project("{9A19103F-16F7-4668-BE54-9A1E7A4F7556}") = "examples", "examples.csproj", "{847EA33A-9BA7-455B-A06E-7B44D616D677}"
EndProject
Project("{9A19103F-16F7-4668-BE54-9A1E7A4F7556}") = "ePassportLibrary", "..\ePassportLibrary.csproj", "{2C212920-19B6-458D-968F-A3B3A03A6701}"
EndProject
Global
	GlobalSection(SolutionConfigurationPlatforms) = preSolution
		Debug|Any CPU = Debug|Any CPU
		Release|Any CPU = Release|Any CPU
	EndGlobalSection
	GlobalSection(ProjectConfigurationPlatforms) = postSolution
		{847EA33A-9BA7-455B-A06E-7B44D616D677}.Debug|Any CPU.ActiveCfg = Debug|Any CPU
		{847EA33A-9BA7-455B-A06E-7B44D616D677}.Debug|Any CPU.Build.0 = Debug|Any CPU
		{847EA33A-9BA7-455B-A06E-7B44D616D677}.Release|Any CPU.ActiveCfg = Release|Any CPU
		{847EA33A-9BA7-455B-A06E-7B44D616D677}.Release|Any CPU.Build.0 = Release|Any CPU
		{2C212920-19B6-458D-968F-A3B3A03A6701}.Debug|Any CPU.ActiveCfg = Debug|Any CPU
		{2C212920-19B6-458D-968F-A3B3A03A6701}.Debug|Any CPU.Build.0 = Debug|Any CPU
		{2C212920-19B6-458D-968F-A3B3A03A6701}.Release|Any CPU.ActiveCfg = Release|Any CPU
		{2C212920-19B6-458D-968F-A3B3A03A6701}.Release|Any CPU.Build.0 = Release|Any CPU
	EndGlobalSection
	GlobalSection(SolutionProperties) = preSolution
		HideSolutionNode = FALSE
	EndGlobalSection
	GlobalSection(ExtensibilityGlobals) = postSolution
		SolutionGuid = {009FA072-19E0-42A7-A358-7C6035AD01E0}
	EndGlobalSection
EndGlobal
